// !$*UTF8*$!
{
	archiveVersion = 1;
	classes = {
	};
	objectVersion = 56;
	objects = {

/* Begin PBXBuildFile section */
		DD5830CC29B006F200C39DFA /* Note_TakingApp.swift in Sources */ = {isa = PBXBuildFile; fileRef = DD5830CB29B006F200C39DFA /* Note_TakingApp.swift */; };
		DD5830CE29B006F200C39DFA /* ContentView.swift in Sources */ = {isa = PBXBuildFile; fileRef = DD5830CD29B006F200C39DFA /* ContentView.swift */; };
		DD5830D029B006F300C39DFA /* Assets.xcassets in Resources */ = {isa = PBXBuildFile; fileRef = DD5830CF29B006F300C39DFA /* Assets.xcassets */; };
		DD5830D329B006F300C39DFA /* Preview Assets.xcassets in Resources */ = {isa = PBXBuildFile; fileRef = DD5830D229B006F300C39DFA /* Preview Assets.xcassets */; };
		DD5830FE29B038D200C39DFA /* TabBar.swift in Sources */ = {isa = PBXBuildFile; fileRef = DD5830FD29B038D200C39DFA /* TabBar.swift */; };
		DD58310029B038E500C39DFA /* SettingsView.swift in Sources */ = {isa = PBXBuildFile; fileRef = DD5830FF29B038E500C39DFA /* SettingsView.swift */; };
		DD58310229B039A600C39DFA /* HomeView.swift in Sources */ = {isa = PBXBuildFile; fileRef = DD58310129B039A600C39DFA /* HomeView.swift */; };
		DD58310529B042E700C39DFA /* NoteModel.swift in Sources */ = {isa = PBXBuildFile; fileRef = DD58310429B042E700C39DFA /* NoteModel.swift */; };
		DD58310829B045EB00C39DFA /* NoteCard.swift in Sources */ = {isa = PBXBuildFile; fileRef = DD58310729B045EB00C39DFA /* NoteCard.swift */; };
		DD58310A29B04D9600C39DFA /* NoteList.swift in Sources */ = {isa = PBXBuildFile; fileRef = DD58310929B04D9600C39DFA /* NoteList.swift */; };
		DD58310D29B0528200C39DFA /* NoteView.swift in Sources */ = {isa = PBXBuildFile; fileRef = DD58310C29B0528200C39DFA /* NoteView.swift */; };
		DD58310F29B058D600C39DFA /* OrganizersView.swift in Sources */ = {isa = PBXBuildFile; fileRef = DD58310E29B058D600C39DFA /* OrganizersView.swift */; };
		DD58311129B05BBC00C39DFA /* OrganizerView.swift in Sources */ = {isa = PBXBuildFile; fileRef = DD58311029B05BBC00C39DFA /* OrganizerView.swift */; };
		DD58311329B05F3300C39DFA /* AddNoteView.swift in Sources */ = {isa = PBXBuildFile; fileRef = DD58311229B05F3300C39DFA /* AddNoteView.swift */; };
		DD58311529B066EF00C39DFA /* NewNoteView.swift in Sources */ = {isa = PBXBuildFile; fileRef = DD58311429B066EF00C39DFA /* NewNoteView.swift */; };
		DD58311829B074ED00C39DFA /* NotesViewModel.swift in Sources */ = {isa = PBXBuildFile; fileRef = DD58311729B074ED00C39DFA /* NotesViewModel.swift */; };
/* End PBXBuildFile section */

/* Begin PBXContainerItemProxy section */
		DD5830D929B006F300C39DFA /* PBXContainerItemProxy */ = {
			isa = PBXContainerItemProxy;
			containerPortal = DD5830C029B006F200C39DFA /* Project object */;
			proxyType = 1;
			remoteGlobalIDString = DD5830C729B006F200C39DFA;
			remoteInfo = "Note Taking";
		};
		DD5830E329B006F300C39DFA /* PBXContainerItemProxy */ = {
			isa = PBXContainerItemProxy;
			containerPortal = DD5830C029B006F200C39DFA /* Project object */;
			proxyType = 1;
			remoteGlobalIDString = DD5830C729B006F200C39DFA;
			remoteInfo = "Note Taking";
		};
/* End PBXContainerItemProxy section */

/* Begin PBXFileReference section */
		DD5830C829B006F200C39DFA /* Note Taking.app */ = {isa = PBXFileReference; explicitFileType = wrapper.application; includeInIndex = 0; path = "Note Taking.app"; sourceTree = BUILT_PRODUCTS_DIR; };
		DD5830CB29B006F200C39DFA /* Note_TakingApp.swift */ = {isa = PBXFileReference; lastKnownFileType = sourcecode.swift; path = Note_TakingApp.swift; sourceTree = "<group>"; };
		DD5830CD29B006F200C39DFA /* ContentView.swift */ = {isa = PBXFileReference; lastKnownFileType = sourcecode.swift; path = ContentView.swift; sourceTree = "<group>"; };
		DD5830CF29B006F300C39DFA /* Assets.xcassets */ = {isa = PBXFileReference; lastKnownFileType = folder.assetcatalog; path = Assets.xcassets; sourceTree = "<group>"; };
		DD5830D229B006F300C39DFA /* Preview Assets.xcassets */ = {isa = PBXFileReference; lastKnownFileType = folder.assetcatalog; path = "Preview Assets.xcassets"; sourceTree = "<group>"; };
		DD5830D829B006F300C39DFA /* Note TakingTests.xctest */ = {isa = PBXFileReference; explicitFileType = wrapper.cfbundle; includeInIndex = 0; path = "Note TakingTests.xctest"; sourceTree = BUILT_PRODUCTS_DIR; };
		DD5830E229B006F300C39DFA /* Note TakingUITests.xctest */ = {isa = PBXFileReference; explicitFileType = wrapper.cfbundle; includeInIndex = 0; path = "Note TakingUITests.xctest"; sourceTree = BUILT_PRODUCTS_DIR; };
		DD5830FD29B038D200C39DFA /* TabBar.swift */ = {isa = PBXFileReference; lastKnownFileType = sourcecode.swift; path = TabBar.swift; sourceTree = "<group>"; };
		DD5830FF29B038E500C39DFA /* SettingsView.swift */ = {isa = PBXFileReference; lastKnownFileType = sourcecode.swift; path = SettingsView.swift; sourceTree = "<group>"; };
		DD58310129B039A600C39DFA /* HomeView.swift */ = {isa = PBXFileReference; lastKnownFileType = sourcecode.swift; path = HomeView.swift; sourceTree = "<group>"; };
		DD58310429B042E700C39DFA /* NoteModel.swift */ = {isa = PBXFileReference; lastKnownFileType = sourcecode.swift; path = NoteModel.swift; sourceTree = "<group>"; };
		DD58310729B045EB00C39DFA /* NoteCard.swift */ = {isa = PBXFileReference; lastKnownFileType = sourcecode.swift; path = NoteCard.swift; sourceTree = "<group>"; };
		DD58310929B04D9600C39DFA /* NoteList.swift */ = {isa = PBXFileReference; lastKnownFileType = sourcecode.swift; path = NoteList.swift; sourceTree = "<group>"; };
		DD58310C29B0528200C39DFA /* NoteView.swift */ = {isa = PBXFileReference; lastKnownFileType = sourcecode.swift; path = NoteView.swift; sourceTree = "<group>"; };
		DD58310E29B058D600C39DFA /* OrganizersView.swift */ = {isa = PBXFileReference; lastKnownFileType = sourcecode.swift; path = OrganizersView.swift; sourceTree = "<group>"; };
		DD58311029B05BBC00C39DFA /* OrganizerView.swift */ = {isa = PBXFileReference; lastKnownFileType = sourcecode.swift; path = OrganizerView.swift; sourceTree = "<group>"; };
		DD58311229B05F3300C39DFA /* AddNoteView.swift */ = {isa = PBXFileReference; lastKnownFileType = sourcecode.swift; path = AddNoteView.swift; sourceTree = "<group>"; };
		DD58311429B066EF00C39DFA /* NewNoteView.swift */ = {isa = PBXFileReference; lastKnownFileType = sourcecode.swift; path = NewNoteView.swift; sourceTree = "<group>"; };
		DD58311729B074ED00C39DFA /* NotesViewModel.swift */ = {isa = PBXFileReference; lastKnownFileType = sourcecode.swift; path = NotesViewModel.swift; sourceTree = "<group>"; };
/* End PBXFileReference section */

/* Begin PBXFrameworksBuildPhase section */
		DD5830C529B006F200C39DFA /* Frameworks */ = {
			isa = PBXFrameworksBuildPhase;
			buildActionMask = 2147483647;
			files = (
			);
			runOnlyForDeploymentPostprocessing = 0;
		};
		DD5830D529B006F300C39DFA /* Frameworks */ = {
			isa = PBXFrameworksBuildPhase;
			buildActionMask = 2147483647;
			files = (
			);
			runOnlyForDeploymentPostprocessing = 0;
		};
		DD5830DF29B006F300C39DFA /* Frameworks */ = {
			isa = PBXFrameworksBuildPhase;
			buildActionMask = 2147483647;
			files = (
			);
			runOnlyForDeploymentPostprocessing = 0;
		};
/* End PBXFrameworksBuildPhase section */

/* Begin PBXGroup section */
		DD5830BF29B006F200C39DFA = {
			isa = PBXGroup;
			children = (
				DD5830CA29B006F200C39DFA /* Note Taking */,
				DD5830C929B006F200C39DFA /* Products */,
			);
			sourceTree = "<group>";
		};
		DD5830C929B006F200C39DFA /* Products */ = {
			isa = PBXGroup;
			children = (
				DD5830C829B006F200C39DFA /* Note Taking.app */,
				DD5830D829B006F300C39DFA /* Note TakingTests.xctest */,
				DD5830E229B006F300C39DFA /* Note TakingUITests.xctest */,
			);
			name = Products;
			sourceTree = "<group>";
		};
		DD5830CA29B006F200C39DFA /* Note Taking */ = {
			isa = PBXGroup;
			children = (
				DD5830CB29B006F200C39DFA /* Note_TakingApp.swift */,
				DD5830CD29B006F200C39DFA /* ContentView.swift */,
				DD58310E29B058D600C39DFA /* OrganizersView.swift */,
				DD58311429B066EF00C39DFA /* NewNoteView.swift */,
				DD5830FD29B038D200C39DFA /* TabBar.swift */,
				DD58310129B039A600C39DFA /* HomeView.swift */,
				DD5830FF29B038E500C39DFA /* SettingsView.swift */,
				DD58311629B074BF00C39DFA /* ViewModels */,
				DD58310B29B0526000C39DFA /* Details */,
				DD58310629B045DA00C39DFA /* Components */,
				DD58310329B042B400C39DFA /* Models */,
				DD5830CF29B006F300C39DFA /* Assets.xcassets */,
				DD5830D129B006F300C39DFA /* Preview Content */,
			);
			path = "Note Taking";
			sourceTree = "<group>";
		};
		DD5830D129B006F300C39DFA /* Preview Content */ = {
			isa = PBXGroup;
			children = (
				DD5830D229B006F300C39DFA /* Preview Assets.xcassets */,
			);
			path = "Preview Content";
			sourceTree = "<group>";
		};
		DD58310329B042B400C39DFA /* Models */ = {
			isa = PBXGroup;
			children = (
				DD58310429B042E700C39DFA /* NoteModel.swift */,
			);
			path = Models;
			sourceTree = "<group>";
		};
		DD58310629B045DA00C39DFA /* Components */ = {
			isa = PBXGroup;
			children = (
				DD58310729B045EB00C39DFA /* NoteCard.swift */,
				DD58310929B04D9600C39DFA /* NoteList.swift */,
			);
			path = Components;
			sourceTree = "<group>";
		};
		DD58310B29B0526000C39DFA /* Details */ = {
			isa = PBXGroup;
			children = (
				DD58310C29B0528200C39DFA /* NoteView.swift */,
				DD58311229B05F3300C39DFA /* AddNoteView.swift */,
				DD58311029B05BBC00C39DFA /* OrganizerView.swift */,
			);
			path = Details;
			sourceTree = "<group>";
		};
		DD58311629B074BF00C39DFA /* ViewModels */ = {
			isa = PBXGroup;
			children = (
				DD58311729B074ED00C39DFA /* NotesViewModel.swift */,
			);
			path = ViewModels;
			sourceTree = "<group>";
		};
/* End PBXGroup section */

/* Begin PBXNativeTarget section */
		DD5830C729B006F200C39DFA /* Note Taking */ = {
			isa = PBXNativeTarget;
			buildConfigurationList = DD5830EC29B006F300C39DFA /* Build configuration list for PBXNativeTarget "Note Taking" */;
			buildPhases = (
				DD5830C429B006F200C39DFA /* Sources */,
				DD5830C529B006F200C39DFA /* Frameworks */,
				DD5830C629B006F200C39DFA /* Resources */,
			);
			buildRules = (
			);
			dependencies = (
			);
			name = "Note Taking";
			productName = "Note Taking";
			productReference = DD5830C829B006F200C39DFA /* Note Taking.app */;
			productType = "com.apple.product-type.application";
		};
		DD5830D729B006F300C39DFA /* Note TakingTests */ = {
			isa = PBXNativeTarget;
			buildConfigurationList = DD5830EF29B006F300C39DFA /* Build configuration list for PBXNativeTarget "Note TakingTests" */;
			buildPhases = (
				DD5830D429B006F300C39DFA /* Sources */,
				DD5830D529B006F300C39DFA /* Frameworks */,
				DD5830D629B006F300C39DFA /* Resources */,
			);
			buildRules = (
			);
			dependencies = (
				DD5830DA29B006F300C39DFA /* PBXTargetDependency */,
			);
			name = "Note TakingTests";
			productName = "Note TakingTests";
			productReference = DD5830D829B006F300C39DFA /* Note TakingTests.xctest */;
			productType = "com.apple.product-type.bundle.unit-test";
		};
		DD5830E129B006F300C39DFA /* Note TakingUITests */ = {
			isa = PBXNativeTarget;
			buildConfigurationList = DD5830F229B006F300C39DFA /* Build configuration list for PBXNativeTarget "Note TakingUITests" */;
			buildPhases = (
				DD5830DE29B006F300C39DFA /* Sources */,
				DD5830DF29B006F300C39DFA /* Frameworks */,
				DD5830E029B006F300C39DFA /* Resources */,
			);
			buildRules = (
			);
			dependencies = (
				DD5830E429B006F300C39DFA /* PBXTargetDependency */,
			);
			name = "Note TakingUITests";
			productName = "Note TakingUITests";
			productReference = DD5830E229B006F300C39DFA /* Note TakingUITests.xctest */;
			productType = "com.apple.product-type.bundle.ui-testing";
		};
/* End PBXNativeTarget section */

/* Begin PBXProject section */
		DD5830C029B006F200C39DFA /* Project object */ = {
			isa = PBXProject;
			attributes = {
				BuildIndependentTargetsInParallel = 1;
				LastSwiftUpdateCheck = 1420;
				LastUpgradeCheck = 1420;
				TargetAttributes = {
					DD5830C729B006F200C39DFA = {
						CreatedOnToolsVersion = 14.2;
					};
					DD5830D729B006F300C39DFA = {
						CreatedOnToolsVersion = 14.2;
						TestTargetID = DD5830C729B006F200C39DFA;
					};
					DD5830E129B006F300C39DFA = {
						CreatedOnToolsVersion = 14.2;
						TestTargetID = DD5830C729B006F200C39DFA;
					};
				};
			};
			buildConfigurationList = DD5830C329B006F200C39DFA /* Build configuration list for PBXProject "Note Taking" */;
			compatibilityVersion = "Xcode 14.0";
			developmentRegion = en;
			hasScannedForEncodings = 0;
			knownRegions = (
				en,
				Base,
			);
			mainGroup = DD5830BF29B006F200C39DFA;
			productRefGroup = DD5830C929B006F200C39DFA /* Products */;
			projectDirPath = "";
			projectRoot = "";
			targets = (
				DD5830C729B006F200C39DFA /* Note Taking */,
				DD5830D729B006F300C39DFA /* Note TakingTests */,
				DD5830E129B006F300C39DFA /* Note TakingUITests */,
			);
		};
/* End PBXProject section */

/* Begin PBXResourcesBuildPhase section */
		DD5830C629B006F200C39DFA /* Resources */ = {
			isa = PBXResourcesBuildPhase;
			buildActionMask = 2147483647;
			files = (
				DD5830D329B006F300C39DFA /* Preview Assets.xcassets in Resources */,
				DD5830D029B006F300C39DFA /* Assets.xcassets in Resources */,
			);
			runOnlyForDeploymentPostprocessing = 0;
		};
		DD5830D629B006F300C39DFA /* Resources */ = {
			isa = PBXResourcesBuildPhase;
			buildActionMask = 2147483647;
			files = (
			);
			runOnlyForDeploymentPostprocessing = 0;
		};
		DD5830E029B006F300C39DFA /* Resources */ = {
			isa = PBXResourcesBuildPhase;
			buildActionMask = 2147483647;
			files = (
			);
			runOnlyForDeploymentPostprocessing = 0;
		};
/* End PBXResourcesBuildPhase section */

/* Begin PBXSourcesBuildPhase section */
		DD5830C429B006F200C39DFA /* Sources */ = {
			isa = PBXSourcesBuildPhase;
			buildActionMask = 2147483647;
			files = (
				DD58311829B074ED00C39DFA /* NotesViewModel.swift in Sources */,
				DD58310F29B058D600C39DFA /* OrganizersView.swift in Sources */,
				DD5830FE29B038D200C39DFA /* TabBar.swift in Sources */,
				DD58310529B042E700C39DFA /* NoteModel.swift in Sources */,
				DD58310029B038E500C39DFA /* SettingsView.swift in Sources */,
				DD58310A29B04D9600C39DFA /* NoteList.swift in Sources */,
				DD58311129B05BBC00C39DFA /* OrganizerView.swift in Sources */,
				DD58311329B05F3300C39DFA /* AddNoteView.swift in Sources */,
				DD5830CE29B006F200C39DFA /* ContentView.swift in Sources */,
				DD58310829B045EB00C39DFA /* NoteCard.swift in Sources */,
				DD58310229B039A600C39DFA /* HomeView.swift in Sources */,
				DD58311529B066EF00C39DFA /* NewNoteView.swift in Sources */,
				DD5830CC29B006F200C39DFA /* Note_TakingApp.swift in Sources */,
				DD58310D29B0528200C39DFA /* NoteView.swift in Sources */,
			);
			runOnlyForDeploymentPostprocessing = 0;
		};
		DD5830D429B006F300C39DFA /* Sources */ = {
			isa = PBXSourcesBuildPhase;
			buildActionMask = 2147483647;
			files = (
			);
			runOnlyForDeploymentPostprocessing = 0;
		};
		DD5830DE29B006F300C39DFA /* Sources */ = {
			isa = PBXSourcesBuildPhase;
			buildActionMask = 2147483647;
			files = (
			);
			runOnlyForDeploymentPostprocessing = 0;
		};
/* End PBXSourcesBuildPhase section */

/* Begin PBXTargetDependency section */
		DD5830DA29B006F300C39DFA /* PBXTargetDependency */ = {
			isa = PBXTargetDependency;
			target = DD5830C729B006F200C39DFA /* Note Taking */;
			targetProxy = DD5830D929B006F300C39DFA /* PBXContainerItemProxy */;
		};
		DD5830E429B006F300C39DFA /* PBXTargetDependency */ = {
			isa = PBXTargetDependency;
			target = DD5830C729B006F200C39DFA /* Note Taking */;
			targetProxy = DD5830E329B006F300C39DFA /* PBXContainerItemProxy */;
		};
/* End PBXTargetDependency section */

/* Begin XCBuildConfiguration section */
		DD5830EA29B006F300C39DFA /* Debug */ = {
			isa = XCBuildConfiguration;
			buildSettings = {
				ALWAYS_SEARCH_USER_PATHS = NO;
				CLANG_ANALYZER_NONNULL = YES;
				CLANG_ANALYZER_NUMBER_OBJECT_CONVERSION = YES_AGGRESSIVE;
				CLANG_CXX_LANGUAGE_STANDARD = "gnu++20";
				CLANG_ENABLE_MODULES = YES;
				CLANG_ENABLE_OBJC_ARC = YES;
				CLANG_ENABLE_OBJC_WEAK = YES;
				CLANG_WARN_BLOCK_CAPTURE_AUTORELEASING = YES;
				CLANG_WARN_BOOL_CONVERSION = YES;
				CLANG_WARN_COMMA = YES;
				CLANG_WARN_CONSTANT_CONVERSION = YES;
				CLANG_WARN_DEPRECATED_OBJC_IMPLEMENTATIONS = YES;
				CLANG_WARN_DIRECT_OBJC_ISA_USAGE = YES_ERROR;
				CLANG_WARN_DOCUMENTATION_COMMENTS = YES;
				CLANG_WARN_EMPTY_BODY = YES;
				CLANG_WARN_ENUM_CONVERSION = YES;
				CLANG_WARN_INFINITE_RECURSION = YES;
				CLANG_WARN_INT_CONVERSION = YES;
				CLANG_WARN_NON_LITERAL_NULL_CONVERSION = YES;
				CLANG_WARN_OBJC_IMPLICIT_RETAIN_SELF = YES;
				CLANG_WARN_OBJC_LITERAL_CONVERSION = YES;
				CLANG_WARN_OBJC_ROOT_CLASS = YES_ERROR;
				CLANG_WARN_QUOTED_INCLUDE_IN_FRAMEWORK_HEADER = YES;
				CLANG_WARN_RANGE_LOOP_ANALYSIS = YES;
				CLANG_WARN_STRICT_PROTOTYPES = YES;
				CLANG_WARN_SUSPICIOUS_MOVE = YES;
				CLANG_WARN_UNGUARDED_AVAILABILITY = YES_AGGRESSIVE;
				CLANG_WARN_UNREACHABLE_CODE = YES;
				CLANG_WARN__DUPLICATE_METHOD_MATCH = YES;
				COPY_PHASE_STRIP = NO;
				DEBUG_INFORMATION_FORMAT = dwarf;
				ENABLE_STRICT_OBJC_MSGSEND = YES;
				ENABLE_TESTABILITY = YES;
				GCC_C_LANGUAGE_STANDARD = gnu11;
				GCC_DYNAMIC_NO_PIC = NO;
				GCC_NO_COMMON_BLOCKS = YES;
				GCC_OPTIMIZATION_LEVEL = 0;
				GCC_PREPROCESSOR_DEFINITIONS = (
					"DEBUG=1",
					"$(inherited)",
				);
				GCC_WARN_64_TO_32_BIT_CONVERSION = YES;
				GCC_WARN_ABOUT_RETURN_TYPE = YES_ERROR;
				GCC_WARN_UNDECLARED_SELECTOR = YES;
				GCC_WARN_UNINITIALIZED_AUTOS = YES_AGGRESSIVE;
				GCC_WARN_UNUSED_FUNCTION = YES;
				GCC_WARN_UNUSED_VARIABLE = YES;
				IPHONEOS_DEPLOYMENT_TARGET = 16.2;
				MTL_ENABLE_DEBUG_INFO = INCLUDE_SOURCE;
				MTL_FAST_MATH = YES;
				ONLY_ACTIVE_ARCH = YES;
				SDKROOT = iphoneos;
				SWIFT_ACTIVE_COMPILATION_CONDITIONS = DEBUG;
				SWIFT_OPTIMIZATION_LEVEL = "-Onone";
			};
			name = Debug;
		};
		DD5830EB29B006F300C39DFA /* Release */ = {
			isa = XCBuildConfiguration;
			buildSettings = {
				ALWAYS_SEARCH_USER_PATHS = NO;
				CLANG_ANALYZER_NONNULL = YES;
				CLANG_ANALYZER_NUMBER_OBJECT_CONVERSION = YES_AGGRESSIVE;
				CLANG_CXX_LANGUAGE_STANDARD = "gnu++20";
				CLANG_ENABLE_MODULES = YES;
				CLANG_ENABLE_OBJC_ARC = YES;
				CLANG_ENABLE_OBJC_WEAK = YES;
				CLANG_WARN_BLOCK_CAPTURE_AUTORELEASING = YES;
				CLANG_WARN_BOOL_CONVERSION = YES;
				CLANG_WARN_COMMA = YES;
				CLANG_WARN_CONSTANT_CONVERSION = YES;
				CLANG_WARN_DEPRECATED_OBJC_IMPLEMENTATIONS = YES;
				CLANG_WARN_DIRECT_OBJC_ISA_USAGE = YES_ERROR;
				CLANG_WARN_DOCUMENTATION_COMMENTS = YES;
				CLANG_WARN_EMPTY_BODY = YES;
				CLANG_WARN_ENUM_CONVERSION = YES;
				CLANG_WARN_INFINITE_RECURSION = YES;
				CLANG_WARN_INT_CONVERSION = YES;
				CLANG_WARN_NON_LITERAL_NULL_CONVERSION = YES;
				CLANG_WARN_OBJC_IMPLICIT_RETAIN_SELF = YES;
				CLANG_WARN_OBJC_LITERAL_CONVERSION = YES;
				CLANG_WARN_OBJC_ROOT_CLASS = YES_ERROR;
				CLANG_WARN_QUOTED_INCLUDE_IN_FRAMEWORK_HEADER = YES;
				CLANG_WARN_RANGE_LOOP_ANALYSIS = YES;
				CLANG_WARN_STRICT_PROTOTYPES = YES;
				CLANG_WARN_SUSPICIOUS_MOVE = YES;
				CLANG_WARN_UNGUARDED_AVAILABILITY = YES_AGGRESSIVE;
				CLANG_WARN_UNREACHABLE_CODE = YES;
				CLANG_WARN__DUPLICATE_METHOD_MATCH = YES;
				COPY_PHASE_STRIP = NO;
				DEBUG_INFORMATION_FORMAT = "dwarf-with-dsym";
				ENABLE_NS_ASSERTIONS = NO;
				ENABLE_STRICT_OBJC_MSGSEND = YES;
				GCC_C_LANGUAGE_STANDARD = gnu11;
				GCC_NO_COMMON_BLOCKS = YES;
				GCC_WARN_64_TO_32_BIT_CONVERSION = YES;
				GCC_WARN_ABOUT_RETURN_TYPE = YES_ERROR;
				GCC_WARN_UNDECLARED_SELECTOR = YES;
				GCC_WARN_UNINITIALIZED_AUTOS = YES_AGGRESSIVE;
				GCC_WARN_UNUSED_FUNCTION = YES;
				GCC_WARN_UNUSED_VARIABLE = YES;
				IPHONEOS_DEPLOYMENT_TARGET = 16.2;
				MTL_ENABLE_DEBUG_INFO = NO;
				MTL_FAST_MATH = YES;
				SDKROOT = iphoneos;
				SWIFT_COMPILATION_MODE = wholemodule;
				SWIFT_OPTIMIZATION_LEVEL = "-O";
				VALIDATE_PRODUCT = YES;
			};
			name = Release;
		};
		DD5830ED29B006F300C39DFA /* Debug */ = {
			isa = XCBuildConfiguration;
			buildSettings = {
				ASSETCATALOG_COMPILER_APPICON_NAME = AppIcon;
				ASSETCATALOG_COMPILER_GLOBAL_ACCENT_COLOR_NAME = AccentColor;
				ASSETCATALOG_COMPILER_INCLUDE_ALL_APPICON_ASSETS = YES;
				CODE_SIGN_STYLE = Automatic;
				CURRENT_PROJECT_VERSION = 1;
				DEVELOPMENT_ASSET_PATHS = "\"Note Taking/Preview Content\"";
				ENABLE_PREVIEWS = YES;
				GENERATE_INFOPLIST_FILE = YES;
				INFOPLIST_KEY_CFBundleDisplayName = Notate;
				INFOPLIST_KEY_UIApplicationSceneManifest_Generation = YES;
				INFOPLIST_KEY_UIApplicationSupportsIndirectInputEvents = YES;
				INFOPLIST_KEY_UILaunchScreen_Generation = YES;
				INFOPLIST_KEY_UISupportedInterfaceOrientations = UIInterfaceOrientationPortrait;
				LD_RUNPATH_SEARCH_PATHS = (
					"$(inherited)",
					"@executable_path/Frameworks",
				);
				MARKETING_VERSION = 1.0;
				PRODUCT_BUNDLE_IDENTIFIER = "com.danelegassick.Note-Taking";
				PRODUCT_NAME = "$(TARGET_NAME)";
				SWIFT_EMIT_LOC_STRINGS = YES;
				SWIFT_VERSION = 5.0;
				TARGETED_DEVICE_FAMILY = "1,2";
			};
			name = Debug;
		};
		DD5830EE29B006F300C39DFA /* Release */ = {
			isa = XCBuildConfiguration;
			buildSettings = {
				ASSETCATALOG_COMPILER_APPICON_NAME = AppIcon;
				ASSETCATALOG_COMPILER_GLOBAL_ACCENT_COLOR_NAME = AccentColor;
				ASSETCATALOG_COMPILER_INCLUDE_ALL_APPICON_ASSETS = YES;
				CODE_SIGN_STYLE = Automatic;
				CURRENT_PROJECT_VERSION = 1;
				DEVELOPMENT_ASSET_PATHS = "\"Note Taking/Preview Content\"";
				ENABLE_PREVIEWS = YES;
				GENERATE_INFOPLIST_FILE = YES;
				INFOPLIST_KEY_CFBundleDisplayName = Notate;
				INFOPLIST_KEY_UIApplicationSceneManifest_Generation = YES;
				INFOPLIST_KEY_UIApplicationSupportsIndirectInputEvents = YES;
				INFOPLIST_KEY_UILaunchScreen_Generation = YES;
				INFOPLIST_KEY_UISupportedInterfaceOrientations = UIInterfaceOrientationPortrait;
				LD_RUNPATH_SEARCH_PATHS = (
					"$(inherited)",
					"@executable_path/Frameworks",
				);
				MARKETING_VERSION = 1.0;
				PRODUCT_BUNDLE_IDENTIFIER = "com.danelegassick.Note-Taking";
				PRODUCT_NAME = "$(TARGET_NAME)";
				SWIFT_EMIT_LOC_STRINGS = YES;
				SWIFT_VERSION = 5.0;
				TARGETED_DEVICE_FAMILY = "1,2";
			};
			name = Release;
		};
		DD5830F029B006F300C39DFA /* Debug */ = {
			isa = XCBuildConfiguration;
			buildSettings = {
				ALWAYS_EMBED_SWIFT_STANDARD_LIBRARIES = YES;
				BUNDLE_LOADER = "$(TEST_HOST)";
				CODE_SIGN_STYLE = Automatic;
				CURRENT_PROJECT_VERSION = 1;
				GENERATE_INFOPLIST_FILE = YES;
				IPHONEOS_DEPLOYMENT_TARGET = 16.2;
				MARKETING_VERSION = 1.0;
				PRODUCT_BUNDLE_IDENTIFIER = "com.danelegassick.Note-TakingTests";
				PRODUCT_NAME = "$(TARGET_NAME)";
				SWIFT_EMIT_LOC_STRINGS = NO;
				SWIFT_VERSION = 5.0;
				TARGETED_DEVICE_FAMILY = "1,2";
				TEST_HOST = "$(BUILT_PRODUCTS_DIR)/Note Taking.app/$(BUNDLE_EXECUTABLE_FOLDER_PATH)/Note Taking";
			};
			name = Debug;
		};
		DD5830F129B006F300C39DFA /* Release */ = {
			isa = XCBuildConfiguration;
			buildSettings = {
				ALWAYS_EMBED_SWIFT_STANDARD_LIBRARIES = YES;
				BUNDLE_LOADER = "$(TEST_HOST)";
				CODE_SIGN_STYLE = Automatic;
				CURRENT_PROJECT_VERSION = 1;
				GENERATE_INFOPLIST_FILE = YES;
				IPHONEOS_DEPLOYMENT_TARGET = 16.2;
				MARKETING_VERSION = 1.0;
				PRODUCT_BUNDLE_IDENTIFIER = "com.danelegassick.Note-TakingTests";
				PRODUCT_NAME = "$(TARGET_NAME)";
				SWIFT_EMIT_LOC_STRINGS = NO;
				SWIFT_VERSION = 5.0;
				TARGETED_DEVICE_FAMILY = "1,2";
				TEST_HOST = "$(BUILT_PRODUCTS_DIR)/Note Taking.app/$(BUNDLE_EXECUTABLE_FOLDER_PATH)/Note Taking";
			};
			name = Release;
		};
		DD5830F329B006F300C39DFA /* Debug */ = {
			isa = XCBuildConfiguration;
			buildSettings = {
				ALWAYS_EMBED_SWIFT_STANDARD_LIBRARIES = YES;
				CODE_SIGN_STYLE = Automatic;
				CURRENT_PROJECT_VERSION = 1;
				GENERATE_INFOPLIST_FILE = YES;
				MARKETING_VERSION = 1.0;
				PRODUCT_BUNDLE_IDENTIFIER = "com.danelegassick.Note-TakingUITests";
				PRODUCT_NAME = "$(TARGET_NAME)";
				SWIFT_EMIT_LOC_STRINGS = NO;
				SWIFT_VERSION = 5.0;
				TARGETED_DEVICE_FAMILY = "1,2";
				TEST_TARGET_NAME = "Note Taking";
			};
			name = Debug;
		};
		DD5830F429B006F300C39DFA /* Release */ = {
			isa = XCBuildConfiguration;
			buildSettings = {
				ALWAYS_EMBED_SWIFT_STANDARD_LIBRARIES = YES;
				CODE_SIGN_STYLE = Automatic;
				CURRENT_PROJECT_VERSION = 1;
				GENERATE_INFOPLIST_FILE = YES;
				MARKETING_VERSION = 1.0;
				PRODUCT_BUNDLE_IDENTIFIER = "com.danelegassick.Note-TakingUITests";
				PRODUCT_NAME = "$(TARGET_NAME)";
				SWIFT_EMIT_LOC_STRINGS = NO;
				SWIFT_VERSION = 5.0;
				TARGETED_DEVICE_FAMILY = "1,2";
				TEST_TARGET_NAME = "Note Taking";
			};
			name = Release;
		};
/* End XCBuildConfiguration section */

/* Begin XCConfigurationList section */
		DD5830C329B006F200C39DFA /* Build configuration list for PBXProject "Note Taking" */ = {
			isa = XCConfigurationList;
			buildConfigurations = (
				DD5830EA29B006F300C39DFA /* Debug */,
				DD5830EB29B006F300C39DFA /* Release */,
			);
			defaultConfigurationIsVisible = 0;
			defaultConfigurationName = Release;
		};
		DD5830EC29B006F300C39DFA /* Build configuration list for PBXNativeTarget "Note Taking" */ = {
			isa = XCConfigurationList;
			buildConfigurations = (
				DD5830ED29B006F300C39DFA /* Debug */,
				DD5830EE29B006F300C39DFA /* Release */,
			);
			defaultConfigurationIsVisible = 0;
			defaultConfigurationName = Release;
		};
		DD5830EF29B006F300C39DFA /* Build configuration list for PBXNativeTarget "Note TakingTests" */ = {
			isa = XCConfigurationList;
			buildConfigurations = (
				DD5830F029B006F300C39DFA /* Debug */,
				DD5830F129B006F300C39DFA /* Release */,
			);
			defaultConfigurationIsVisible = 0;
			defaultConfigurationName = Release;
		};
		DD5830F229B006F300C39DFA /* Build configuration list for PBXNativeTarget "Note TakingUITests" */ = {
			isa = XCConfigurationList;
			buildConfigurations = (
				DD5830F329B006F300C39DFA /* Debug */,
				DD5830F429B006F300C39DFA /* Release */,
			);
			defaultConfigurationIsVisible = 0;
			defaultConfigurationName = Release;
		};
/* End XCConfigurationList section */
	};
	rootObject = DD5830C029B006F200C39DFA /* Project object */;
}
